schema: '2.0'
stages:
  data_ingestion:
    cmd: python mlops_mini_project/data_ingestion.py
    deps:
    - path: mlops_mini_project/data_ingestion.py
      hash: md5
      md5: c9c459125e28242c09d68340cbfb85ed
      size: 3549
    params:
      params.yaml:
        data_ingestion.test_size: 0.25
    outs:
    - path: data/raw
      hash: md5
      md5: b1dbb4e29e6816fef502e496c35b7402.dir
      size: 817597
      nfiles: 2
  data_preprocessing:
    cmd: python mlops_mini_project/data_preprocessing.py
    deps:
    - path: data/raw
      hash: md5
      md5: b1dbb4e29e6816fef502e496c35b7402.dir
      size: 817597
      nfiles: 2
    - path: mlops_mini_project/data_preprocessing.py
      hash: md5
      md5: 9a0d35f7cbc651becb63f72a06760c57
      size: 4050
    outs:
    - path: data/interim
      hash: md5
      md5: ba69d5a1580b7784aa93535218d617c4.dir
      size: 555834
      nfiles: 2
  feature_engineering:
    cmd: python mlops_mini_project/features.py
    deps:
    - path: data/interim
      hash: md5
      md5: ba69d5a1580b7784aa93535218d617c4.dir
      size: 555834
      nfiles: 2
    - path: mlops_mini_project/features.py
      hash: md5
      md5: 32f01b00ce4e0e75d2ef8e980b42e70c
      size: 3904
    params:
      params.yaml:
        feature_engineering.max_features: 5000
    outs:
    - path: data/processed
      hash: md5
      md5: 53058d128365a685fe40400705971417.dir
      size: 103808540
      nfiles: 2
    - path: models/vectorizer.pkl
      hash: md5
      md5: 033c9070cdb6040c0e710548775a9a11
      size: 140297
  model_building:
    cmd: python -m mlops_mini_project.modeling.train
    deps:
    - path: data/processed
      hash: md5
      md5: 53058d128365a685fe40400705971417.dir
      size: 103808540
      nfiles: 2
    - path: mlops_mini_project/modeling/train.py
      hash: md5
      md5: 3f4ce573052fb398b6ee7871b152dc11
      size: 2422
    outs:
    - path: models/model.pkl
      hash: md5
      md5: 9bf42877ca650058f305994c79488d8c
      size: 40717
  model_evaluation:
    cmd: python -m mlops_mini_project.modeling.evaluate
    deps:
    - path: mlops_mini_project/modeling/evaluate.py
      hash: md5
      md5: 471363d9debd7cdaf0d7d1f29e22ccb1
      size: 5716
    - path: models/model.pkl
      hash: md5
      md5: 9bf42877ca650058f305994c79488d8c
      size: 40717
    outs:
    - path: reports/metrics.json
      hash: md5
      md5: dea4c8f553ad6efc853042e9d61f3ac3
      size: 140
    - path: reports/model_info.json
      hash: md5
      md5: 9ddf8b4e71f6c51f2e0f5a6be919cf1b
      size: 79
  model_registration:
    cmd: python -m mlops_mini_project.modeling.register_model
    deps:
    - path: mlops_mini_project/modeling/register_model.py
      hash: md5
      md5: 58996b0e1d3e5583fb7292bb1743610d
      size: 3005
    - path: reports/model_info.json
      hash: md5
      md5: 9ddf8b4e71f6c51f2e0f5a6be919cf1b
      size: 79
