schema: '2.0'
stages:
  data_ingestion:
    cmd: python mlops_mini_project/data_ingestion.py
    deps:
    - path: mlops_mini_project/data_ingestion.py
      hash: md5
      md5: cb17a9fa10f7985185cc89be042c2828
      size: 3483
    params:
      params.yaml:
        data_ingestion.test_size: 0.2
    outs:
    - path: data/raw
      hash: md5
      md5: 6d7c9717b531961233cd66af69381384.dir
      size: 817597
      nfiles: 2
  data_preprocessing:
    cmd: python mlops_mini_project/data_preprocessing.py
    deps:
    - path: data/raw
      hash: md5
      md5: 6d7c9717b531961233cd66af69381384.dir
      size: 817597
      nfiles: 2
    - path: mlops_mini_project/data_preprocessing.py
      hash: md5
      md5: 382efed7e9b2dc8fb7322ae199fe92b1
      size: 3998
    outs:
    - path: data/interim
      hash: md5
      md5: 5272793cc3d1ae26222b405b62627d4a.dir
      size: 562257
      nfiles: 2
  feature_engineering:
    cmd: python mlops_mini_project/features.py
    deps:
    - path: data/interim
      hash: md5
      md5: 5272793cc3d1ae26222b405b62627d4a.dir
      size: 562257
      nfiles: 2
    - path: mlops_mini_project/features.py
      hash: md5
      md5: 19f88b13e7ec1faeeb52ade79689c5fe
      size: 3829
    params:
      params.yaml:
        feature_engineering.max_features: 3500
    outs:
    - path: data/processed
      hash: md5
      md5: 5a6ec8baa61d36a8459113da34c68797.dir
      size: 72671540
      nfiles: 2
    - path: models/vectorizer.pkl
      hash: md5
      md5: e4cbe364b34064bede0eb3297dbeb844
      size: 97161
  model_building:
    cmd: python -m mlops_mini_project.modeling.train
    deps:
    - path: data/processed
      hash: md5
      md5: 5a6ec8baa61d36a8459113da34c68797.dir
      size: 72671540
      nfiles: 2
    - path: mlops_mini_project/modeling/train.py
      hash: md5
      md5: bb4fc1c97843d704870fe616ca3e2d57
      size: 2396
    outs:
    - path: models/model.pkl
      hash: md5
      md5: fb517fd04d333c43e6c21b923ef19560
      size: 28717
  model_evaluation:
    cmd: python -m mlops_mini_project.modeling.evaluate
    deps:
    - path: mlops_mini_project/modeling/evaluate.py
      hash: md5
      md5: c0960cc8d3d676ea46a79a345395d1a2
      size: 5518
    - path: models/model.pkl
      hash: md5
      md5: fb517fd04d333c43e6c21b923ef19560
      size: 28717
    outs:
    - path: reports/metrics.json
      hash: md5
      md5: a09a4d6b967a14de5cdc17f78bd35df1
      size: 139
    - path: reports/model_info.json
      hash: md5
      md5: b3e14671575c782e7128d102afbc9ef9
      size: 79
  model_registration:
    cmd: python -m mlops_mini_project.modeling.register_model
    deps:
    - path: mlops_mini_project/modeling/register_model.py
      hash: md5
      md5: 90d4ad21becbb03ba17518cfcbba0272
      size: 2497
    - path: reports/model_info.json
      hash: md5
      md5: b3e14671575c782e7128d102afbc9ef9
      size: 79
